
Microsoft Visual Studio Solution File, Format Version 12.00
# Visual Studio Version 16
VisualStudioVersion = 16.0.29306.81
MinimumVisualStudioVersion = 10.0.40219.1
Project("{9A19103F-16F7-4668-BE54-9A1E7A4F7556}") = "CoExp_Web", "CoExp_Web.csproj", "{FD937ABE-BC69-40C0-B33A-FC5C40B57F5F}"
EndProject
Global
	GlobalSection(SolutionConfigurationPlatforms) = preSolution
		Debug|Any CPU = Debug|Any CPU
		Release|Any CPU = Release|Any CPU
	EndGlobalSection
	GlobalSection(ProjectConfigurationPlatforms) = postSolution
		{FD937ABE-BC69-40C0-B33A-FC5C40B57F5F}.Debug|Any CPU.ActiveCfg = Debug|Any CPU
		{FD937ABE-BC69-40C0-B33A-FC5C40B57F5F}.Debug|Any CPU.Build.0 = Debug|Any CPU
		{FD937ABE-BC69-40C0-B33A-FC5C40B57F5F}.Release|Any CPU.ActiveCfg = Release|Any CPU
		{FD937ABE-BC69-40C0-B33A-FC5C40B57F5F}.Release|Any CPU.Build.0 = Release|Any CPU
	EndGlobalSection
	GlobalSection(SolutionProperties) = preSolution
		HideSolutionNode = FALSE
	EndGlobalSection
	GlobalSection(ExtensibilityGlobals) = postSolution
		SolutionGuid = {1B94314F-E26C-431E-AAC0-340A309990A0}
	EndGlobalSection
EndGlobal
